
Microsoft Visual Studio Solution File, Format Version 12.00
# Visual Studio Version 16
VisualStudioVersion = 16.0.29209.62
MinimumVisualStudioVersion = 10.0.40219.1
Project("{FAE04EC0-301F-11D3-BF4B-00C04F79EFBC}") = "ModelDocumenter", "ModelDocumenter\ModelDocumenter.csproj", "{05F7D96E-0910-48FE-9F2E-205A079C4760}"
EndProject
Project("{54435603-DBB4-11D2-8724-00A0C9A8B90C}") = "ModelDocumenter Installer", "ModelDocumenter Installer\ModelDocumenter Installer.vdproj", "{C2E9B040-4829-408C-A761-D7326068622C}"
EndProject
Global
	GlobalSection(SolutionConfigurationPlatforms) = preSolution
		Debug|Any CPU = Debug|Any CPU
		Release|Any CPU = Release|Any CPU
	EndGlobalSection
	GlobalSection(ProjectConfigurationPlatforms) = postSolution
		{05F7D96E-0910-48FE-9F2E-205A079C4760}.Debug|Any CPU.ActiveCfg = Debug|Any CPU
		{05F7D96E-0910-48FE-9F2E-205A079C4760}.Debug|Any CPU.Build.0 = Debug|Any CPU
		{05F7D96E-0910-48FE-9F2E-205A079C4760}.Release|Any CPU.ActiveCfg = Release|Any CPU
		{05F7D96E-0910-48FE-9F2E-205A079C4760}.Release|Any CPU.Build.0 = Release|Any CPU
		{C2E9B040-4829-408C-A761-D7326068622C}.Debug|Any CPU.ActiveCfg = Debug
		{C2E9B040-4829-408C-A761-D7326068622C}.Release|Any CPU.ActiveCfg = Release
	EndGlobalSection
	GlobalSection(SolutionProperties) = preSolution
		HideSolutionNode = FALSE
	EndGlobalSection
	GlobalSection(ExtensibilityGlobals) = postSolution
		SolutionGuid = {BF417AA2-7521-408B-A3F5-A20CC760AE6E}
	EndGlobalSection
EndGlobal
